<?xml version="1.0" encoding="utf-8"?>
<Project ToolsVersion="4.0" xmlns="http://schemas.microsoft.com/developer/msbuild/2003">
  <ItemGroup>
    <Filter Include="Source Files">
      <UniqueIdentifier>{4FC737F1-C7A5-4376-A066-2A32D752A2FF}</UniqueIdentifier>
      <Extensions>cpp;c;cc;cxx;def;odl;idl;hpj;bat;asm;asmx</Extensions>
    </Filter>
    <Filter Include="Header Files">
      <UniqueIdentifier>{93995380-89BD-4b04-88EB-625FBE52EBFB}</UniqueIdentifier>
      <Extensions>h;hh;hpp;hxx;hm;inl;inc;xsd</Extensions>
    </Filter>
    <Filter Include="Resource Files">
      <UniqueIdentifier>{67DA6AB6-F800-4c08-8B7A-83BB121AAD01}</UniqueIdentifier>
      <Extensions>rc;ico;cur;bmp;dlg;rc2;rct;bin;rgs;gif;jpg;jpeg;jpe;resx;tiff;tif;png;wav;mfcribbon-ms</Extensions>
    </Filter>
    <Filter Include="Shader Files">
      <UniqueIdentifier>{e39169ad-41b2-4fdc-9ccc-f8f582ba9814}</UniqueIdentifier>
    </Filter>
  </ItemGroup>
  <ItemGroup>
    <ClInclude Include="commonincludes.h">
      <Filter>Header Files</Filter>
    </ClInclude>
    <ClInclude Include="HRTimer.h">
      <Filter>Header Files</Filter>
    </ClInclude>
    <ClInclude Include="Input.h">
      <Filter>Header Files</Filter>
    </ClInclude>
    <ClInclude Include="ShaderHelper.h">
      <Filter>Header Files</Filter>
    </ClInclude>
    <ClInclude Include="Scene.h">
      <Filter>Header Files</Filter>
    </ClInclude>
    <ClInclude Include="QuadShader.h">
      <Filter>Header Files</Filter>
    </ClInclude>
    <ClInclude Include="Quad.h">
      <Filter>Header Files</Filter>
    </ClInclude>
    <ClInclude Include="RayTracing.h">
      <Filter>Header Files</Filter>
    </ClInclude>
    <ClInclude Include="Physics.h">
      <Filter>Header Files</Filter>
    </ClInclude>
    <ClInclude Include="C2DShader.h">
      <Filter>Header Files</Filter>
    </ClInclude>
    <ClInclude Include="Font.h">
      <Filter>Header Files</Filter>
    </ClInclude>
    <ClInclude Include="Text.h">
      <Filter>Header Files</Filter>
    </ClInclude>
    <ClInclude Include="Texture.h">
      <Filter>Header Files</Filter>
    </ClInclude>
    <ClInclude Include="Square.h">
      <Filter>Header Files</Filter>
    </ClInclude>
    <ClInclude Include="WICTextureLoader.h">
      <Filter>Header Files</Filter>
    </ClInclude>
    <ClInclude Include="DDSTextureLoader.h">
      <Filter>Header Files</Filter>
    </ClInclude>
  </ItemGroup>
  <ItemGroup>
    <ClCompile Include="HRTimer.cpp">
      <Filter>Source Files</Filter>
    </ClCompile>
    <ClCompile Include="Input.cpp">
      <Filter>Source Files</Filter>
    </ClCompile>
    <ClCompile Include="winmain.cpp">
      <Filter>Source Files</Filter>
    </ClCompile>
    <ClCompile Include="Scene.cpp">
      <Filter>Source Files</Filter>
    </ClCompile>
    <ClCompile Include="QuadShader.cpp">
      <Filter>Source Files</Filter>
    </ClCompile>
    <ClCompile Include="Quad.cpp">
      <Filter>Source Files</Filter>
    </ClCompile>
    <ClCompile Include="commonincludes.cpp">
      <Filter>Source Files</Filter>
    </ClCompile>
    <ClCompile Include="RayTracing.cpp">
      <Filter>Source Files</Filter>
    </ClCompile>
    <ClCompile Include="Physics.cpp">
      <Filter>Source Files</Filter>
    </ClCompile>
    <ClCompile Include="C2DShader.cpp">
      <Filter>Source Files</Filter>
    </ClCompile>
    <ClCompile Include="Font.cpp">
      <Filter>Source Files</Filter>
    </ClCompile>
    <ClCompile Include="Text.cpp">
      <Filter>Source Files</Filter>
    </ClCompile>
    <ClCompile Include="Texture.cpp">
      <Filter>Source Files</Filter>
    </ClCompile>
    <ClCompile Include="Square.cpp">
      <Filter>Source Files</Filter>
    </ClCompile>
    <ClCompile Include="DDSTextureLoader.cpp">
      <Filter>Source Files</Filter>
    </ClCompile>
    <ClCompile Include="WICTextureLoader.cpp">
      <Filter>Source Files</Filter>
    </ClCompile>
  </ItemGroup>
  <ItemGroup>
    <FxCompile Include="QuadVertexShader.hlsl">
      <Filter>Shader Files</Filter>
    </FxCompile>
    <FxCompile Include="QuadPixelShader.hlsl">
      <Filter>Shader Files</Filter>
    </FxCompile>
    <FxCompile Include="RayTracingComputeShader.hlsl">
      <Filter>Shader Files</Filter>
    </FxCompile>
    <FxCompile Include="2DPixelShader.hlsl">
      <Filter>Shader Files</Filter>
    </FxCompile>
    <FxCompile Include="2DVertexShader.hlsl">
      <Filter>Shader Files</Filter>
    </FxCompile>
  </ItemGroup>
  <ItemGroup>
    <None Include="RayTracingHeader.hlsli">
      <Filter>Shader Files</Filter>
    </None>
  </ItemGroup>
</Project>