<?xml version="1.0" encoding="utf-8"?>
<Project ToolsVersion="4.0" xmlns="http://schemas.microsoft.com/developer/msbuild/2003">
  <ItemGroup>
    <ClCompile Include="Bullet Physics\BulletCollision\BroadphaseCollision\btAxisSweep3.cpp" />
    <ClCompile Include="Bullet Physics\BulletCollision\BroadphaseCollision\btBroadphaseProxy.cpp" />
    <ClCompile Include="Bullet Physics\BulletCollision\BroadphaseCollision\btCollisionAlgorithm.cpp" />
    <ClCompile Include="Bullet Physics\BulletCollision\BroadphaseCollision\btDbvt.cpp" />
    <ClCompile Include="Bullet Physics\BulletCollision\BroadphaseCollision\btDbvtBroadphase.cpp" />
    <ClCompile Include="Bullet Physics\BulletCollision\BroadphaseCollision\btDispatcher.cpp" />
    <ClCompile Include="Bullet Physics\BulletCollision\BroadphaseCollision\btMultiSapBroadphase.cpp" />
    <ClCompile Include="Bullet Physics\BulletCollision\BroadphaseCollision\btOverlappingPairCache.cpp" />
    <ClCompile Include="Bullet Physics\BulletCollision\BroadphaseCollision\btQuantizedBvh.cpp" />
    <ClCompile Include="Bullet Physics\BulletCollision\BroadphaseCollision\btSimpleBroadphase.cpp" />
    <ClCompile Include="Bullet Physics\BulletCollision\CollisionDispatch\btActivatingCollisionAlgorithm.cpp" />
    <ClCompile Include="Bullet Physics\BulletCollision\CollisionDispatch\btBox2dBox2dCollisionAlgorithm.cpp" />
    <ClCompile Include="Bullet Physics\BulletCollision\CollisionDispatch\btBoxBoxCollisionAlgorithm.cpp" />
    <ClCompile Include="Bullet Physics\BulletCollision\CollisionDispatch\btBoxBoxDetector.cpp" />
    <ClCompile Include="Bullet Physics\BulletCollision\CollisionDispatch\btCollisionDispatcher.cpp" />
    <ClCompile Include="Bullet Physics\BulletCollision\CollisionDispatch\btCollisionObject.cpp" />
    <ClCompile Include="Bullet Physics\BulletCollision\CollisionDispatch\btCollisionWorld.cpp" />
    <ClCompile Include="Bullet Physics\BulletCollision\CollisionDispatch\btCollisionWorldImporter.cpp" />
    <ClCompile Include="Bullet Physics\BulletCollision\CollisionDispatch\btCompoundCollisionAlgorithm.cpp" />
    <ClCompile Include="Bullet Physics\BulletCollision\CollisionDispatch\btCompoundCompoundCollisionAlgorithm.cpp" />
    <ClCompile Include="Bullet Physics\BulletCollision\CollisionDispatch\btConvex2dConvex2dAlgorithm.cpp" />
    <ClCompile Include="Bullet Physics\BulletCollision\CollisionDispatch\btConvexConcaveCollisionAlgorithm.cpp" />
    <ClCompile Include="Bullet Physics\BulletCollision\CollisionDispatch\btConvexConvexAlgorithm.cpp" />
    <ClCompile Include="Bullet Physics\BulletCollision\CollisionDispatch\btConvexPlaneCollisionAlgorithm.cpp" />
    <ClCompile Include="Bullet Physics\BulletCollision\CollisionDispatch\btDefaultCollisionConfiguration.cpp" />
    <ClCompile Include="Bullet Physics\BulletCollision\CollisionDispatch\btEmptyCollisionAlgorithm.cpp" />
    <ClCompile Include="Bullet Physics\BulletCollision\CollisionDispatch\btGhostObject.cpp" />
    <ClCompile Include="Bullet Physics\BulletCollision\CollisionDispatch\btHashedSimplePairCache.cpp" />
    <ClCompile Include="Bullet Physics\BulletCollision\CollisionDispatch\btInternalEdgeUtility.cpp" />
    <ClCompile Include="Bullet Physics\BulletCollision\CollisionDispatch\btManifoldResult.cpp" />
    <ClCompile Include="Bullet Physics\BulletCollision\CollisionDispatch\btSimulationIslandManager.cpp" />
    <ClCompile Include="Bullet Physics\BulletCollision\CollisionDispatch\btSphereBoxCollisionAlgorithm.cpp" />
    <ClCompile Include="Bullet Physics\BulletCollision\CollisionDispatch\btSphereSphereCollisionAlgorithm.cpp" />
    <ClCompile Include="Bullet Physics\BulletCollision\CollisionDispatch\btSphereTriangleCollisionAlgorithm.cpp" />
    <ClCompile Include="Bullet Physics\BulletCollision\CollisionDispatch\btUnionFind.cpp" />
    <ClCompile Include="Bullet Physics\BulletCollision\CollisionDispatch\SphereTriangleDetector.cpp" />
    <ClCompile Include="Bullet Physics\BulletCollision\CollisionShapes\btBox2dShape.cpp" />
    <ClCompile Include="Bullet Physics\BulletCollision\CollisionShapes\btBoxShape.cpp" />
    <ClCompile Include="Bullet Physics\BulletCollision\CollisionShapes\btBvhTriangleMeshShape.cpp" />
    <ClCompile Include="Bullet Physics\BulletCollision\CollisionShapes\btCapsuleShape.cpp" />
    <ClCompile Include="Bullet Physics\BulletCollision\CollisionShapes\btCollisionShape.cpp" />
    <ClCompile Include="Bullet Physics\BulletCollision\CollisionShapes\btCompoundShape.cpp" />
    <ClCompile Include="Bullet Physics\BulletCollision\CollisionShapes\btConcaveShape.cpp" />
    <ClCompile Include="Bullet Physics\BulletCollision\CollisionShapes\btConeShape.cpp" />
    <ClCompile Include="Bullet Physics\BulletCollision\CollisionShapes\btConvex2dShape.cpp" />
    <ClCompile Include="Bullet Physics\BulletCollision\CollisionShapes\btConvexHullShape.cpp" />
    <ClCompile Include="Bullet Physics\BulletCollision\CollisionShapes\btConvexInternalShape.cpp" />
    <ClCompile Include="Bullet Physics\BulletCollision\CollisionShapes\btConvexPointCloudShape.cpp" />
    <ClCompile Include="Bullet Physics\BulletCollision\CollisionShapes\btConvexPolyhedron.cpp" />
    <ClCompile Include="Bullet Physics\BulletCollision\CollisionShapes\btConvexShape.cpp" />
    <ClCompile Include="Bullet Physics\BulletCollision\CollisionShapes\btConvexTriangleMeshShape.cpp" />
    <ClCompile Include="Bullet Physics\BulletCollision\CollisionShapes\btCylinderShape.cpp" />
    <ClCompile Include="Bullet Physics\BulletCollision\CollisionShapes\btEmptyShape.cpp" />
    <ClCompile Include="Bullet Physics\BulletCollision\CollisionShapes\btHeightfieldTerrainShape.cpp" />
    <ClCompile Include="Bullet Physics\BulletCollision\CollisionShapes\btMinkowskiSumShape.cpp" />
    <ClCompile Include="Bullet Physics\BulletCollision\CollisionShapes\btMultimaterialTriangleMeshShape.cpp" />
    <ClCompile Include="Bullet Physics\BulletCollision\CollisionShapes\btMultiSphereShape.cpp" />
    <ClCompile Include="Bullet Physics\BulletCollision\CollisionShapes\btOptimizedBvh.cpp" />
    <ClCompile Include="Bullet Physics\BulletCollision\CollisionShapes\btPolyhedralConvexShape.cpp" />
    <ClCompile Include="Bullet Physics\BulletCollision\CollisionShapes\btScaledBvhTriangleMeshShape.cpp" />
    <ClCompile Include="Bullet Physics\BulletCollision\CollisionShapes\btShapeHull.cpp" />
    <ClCompile Include="Bullet Physics\BulletCollision\CollisionShapes\btSphereShape.cpp" />
    <ClCompile Include="Bullet Physics\BulletCollision\CollisionShapes\btStaticPlaneShape.cpp" />
    <ClCompile Include="Bullet Physics\BulletCollision\CollisionShapes\btStridingMeshInterface.cpp" />
    <ClCompile Include="Bullet Physics\BulletCollision\CollisionShapes\btTetrahedronShape.cpp" />
    <ClCompile Include="Bullet Physics\BulletCollision\CollisionShapes\btTriangleBuffer.cpp" />
    <ClCompile Include="Bullet Physics\BulletCollision\CollisionShapes\btTriangleCallback.cpp" />
    <ClCompile Include="Bullet Physics\BulletCollision\CollisionShapes\btTriangleIndexVertexArray.cpp" />
    <ClCompile Include="Bullet Physics\BulletCollision\CollisionShapes\btTriangleIndexVertexMaterialArray.cpp" />
    <ClCompile Include="Bullet Physics\BulletCollision\CollisionShapes\btTriangleMesh.cpp" />
    <ClCompile Include="Bullet Physics\BulletCollision\CollisionShapes\btTriangleMeshShape.cpp" />
    <ClCompile Include="Bullet Physics\BulletCollision\CollisionShapes\btUniformScalingShape.cpp" />
    <ClCompile Include="Bullet Physics\BulletCollision\Gimpact\btContactProcessing.cpp" />
    <ClCompile Include="Bullet Physics\BulletCollision\Gimpact\btGenericPoolAllocator.cpp" />
    <ClCompile Include="Bullet Physics\BulletCollision\Gimpact\btGImpactBvh.cpp" />
    <ClCompile Include="Bullet Physics\BulletCollision\Gimpact\btGImpactCollisionAlgorithm.cpp" />
    <ClCompile Include="Bullet Physics\BulletCollision\Gimpact\btGImpactQuantizedBvh.cpp" />
    <ClCompile Include="Bullet Physics\BulletCollision\Gimpact\btGImpactShape.cpp" />
    <ClCompile Include="Bullet Physics\BulletCollision\Gimpact\btTriangleShapeEx.cpp" />
    <ClCompile Include="Bullet Physics\BulletCollision\Gimpact\gim_box_set.cpp" />
    <ClCompile Include="Bullet Physics\BulletCollision\Gimpact\gim_contact.cpp" />
    <ClCompile Include="Bullet Physics\BulletCollision\Gimpact\gim_memory.cpp" />
    <ClCompile Include="Bullet Physics\BulletCollision\Gimpact\gim_tri_collision.cpp" />
    <ClCompile Include="Bullet Physics\BulletCollision\NarrowPhaseCollision\btContinuousConvexCollision.cpp" />
    <ClCompile Include="Bullet Physics\BulletCollision\NarrowPhaseCollision\btConvexCast.cpp" />
    <ClCompile Include="Bullet Physics\BulletCollision\NarrowPhaseCollision\btGjkConvexCast.cpp" />
    <ClCompile Include="Bullet Physics\BulletCollision\NarrowPhaseCollision\btGjkEpa2.cpp" />
    <ClCompile Include="Bullet Physics\BulletCollision\NarrowPhaseCollision\btGjkEpaPenetrationDepthSolver.cpp" />
    <ClCompile Include="Bullet Physics\BulletCollision\NarrowPhaseCollision\btGjkPairDetector.cpp" />
    <ClCompile Include="Bullet Physics\BulletCollision\NarrowPhaseCollision\btMinkowskiPenetrationDepthSolver.cpp" />
    <ClCompile Include="Bullet Physics\BulletCollision\NarrowPhaseCollision\btPersistentManifold.cpp" />
    <ClCompile Include="Bullet Physics\BulletCollision\NarrowPhaseCollision\btPolyhedralContactClipping.cpp" />
    <ClCompile Include="Bullet Physics\BulletCollision\NarrowPhaseCollision\btRaycastCallback.cpp" />
    <ClCompile Include="Bullet Physics\BulletCollision\NarrowPhaseCollision\btSubSimplexConvexCast.cpp" />
    <ClCompile Include="Bullet Physics\BulletCollision\NarrowPhaseCollision\btVoronoiSimplexSolver.cpp" />
    <ClCompile Include="Bullet Physics\BulletDynamics\Character\btKinematicCharacterController.cpp" />
    <ClCompile Include="Bullet Physics\BulletDynamics\ConstraintSolver\btConeTwistConstraint.cpp" />
    <ClCompile Include="Bullet Physics\BulletDynamics\ConstraintSolver\btContactConstraint.cpp" />
    <ClCompile Include="Bullet Physics\BulletDynamics\ConstraintSolver\btFixedConstraint.cpp" />
    <ClCompile Include="Bullet Physics\BulletDynamics\ConstraintSolver\btGearConstraint.cpp" />
    <ClCompile Include="Bullet Physics\BulletDynamics\ConstraintSolver\btGeneric6DofConstraint.cpp" />
    <ClCompile Include="Bullet Physics\BulletDynamics\ConstraintSolver\btGeneric6DofSpring2Constraint.cpp" />
    <ClCompile Include="Bullet Physics\BulletDynamics\ConstraintSolver\btGeneric6DofSpringConstraint.cpp" />
    <ClCompile Include="Bullet Physics\BulletDynamics\ConstraintSolver\btHinge2Constraint.cpp" />
    <ClCompile Include="Bullet Physics\BulletDynamics\ConstraintSolver\btHingeConstraint.cpp" />
    <ClCompile Include="Bullet Physics\BulletDynamics\ConstraintSolver\btNNCGConstraintSolver.cpp" />
    <ClCompile Include="Bullet Physics\BulletDynamics\ConstraintSolver\btPoint2PointConstraint.cpp" />
    <ClCompile Include="Bullet Physics\BulletDynamics\ConstraintSolver\btSequentialImpulseConstraintSolver.cpp" />
    <ClCompile Include="Bullet Physics\BulletDynamics\ConstraintSolver\btSliderConstraint.cpp" />
    <ClCompile Include="Bullet Physics\BulletDynamics\ConstraintSolver\btSolve2LinearConstraint.cpp" />
    <ClCompile Include="Bullet Physics\BulletDynamics\ConstraintSolver\btTypedConstraint.cpp" />
    <ClCompile Include="Bullet Physics\BulletDynamics\ConstraintSolver\btUniversalConstraint.cpp" />
    <ClCompile Include="Bullet Physics\BulletDynamics\Dynamics\btDiscreteDynamicsWorld.cpp" />
    <ClCompile Include="Bullet Physics\BulletDynamics\Dynamics\btRigidBody.cpp" />
    <ClCompile Include="Bullet Physics\BulletDynamics\Dynamics\btSimpleDynamicsWorld.cpp" />
    <ClCompile Include="Bullet Physics\BulletDynamics\Featherstone\btMultiBody.cpp" />
    <ClCompile Include="Bullet Physics\BulletDynamics\Featherstone\btMultiBodyConstraint.cpp" />
    <ClCompile Include="Bullet Physics\BulletDynamics\Featherstone\btMultiBodyConstraintSolver.cpp" />
    <ClCompile Include="Bullet Physics\BulletDynamics\Featherstone\btMultiBodyDynamicsWorld.cpp" />
    <ClCompile Include="Bullet Physics\BulletDynamics\Featherstone\btMultiBodyFixedConstraint.cpp" />
    <ClCompile Include="Bullet Physics\BulletDynamics\Featherstone\btMultiBodyJointLimitConstraint.cpp" />
    <ClCompile Include="Bullet Physics\BulletDynamics\Featherstone\btMultiBodyJointMotor.cpp" />
    <ClCompile Include="Bullet Physics\BulletDynamics\Featherstone\btMultiBodyPoint2Point.cpp" />
    <ClCompile Include="Bullet Physics\BulletDynamics\Featherstone\btMultiBodySliderConstraint.cpp" />
    <ClCompile Include="Bullet Physics\BulletDynamics\MLCPSolvers\btDantzigLCP.cpp" />
    <ClCompile Include="Bullet Physics\BulletDynamics\MLCPSolvers\btLemkeAlgorithm.cpp" />
    <ClCompile Include="Bullet Physics\BulletDynamics\MLCPSolvers\btMLCPSolver.cpp" />
    <ClCompile Include="Bullet Physics\BulletDynamics\Vehicle\btRaycastVehicle.cpp" />
    <ClCompile Include="Bullet Physics\BulletDynamics\Vehicle\btWheelInfo.cpp" />
    <ClCompile Include="Bullet Physics\LinearMath\btAlignedAllocator.cpp" />
    <ClCompile Include="Bullet Physics\LinearMath\btConvexHull.cpp" />
    <ClCompile Include="Bullet Physics\LinearMath\btConvexHullComputer.cpp" />
    <ClCompile Include="Bullet Physics\LinearMath\btGeometryUtil.cpp" />
    <ClCompile Include="Bullet Physics\LinearMath\btPolarDecomposition.cpp" />
    <ClCompile Include="Bullet Physics\LinearMath\btQuickprof.cpp" />
    <ClCompile Include="Bullet Physics\LinearMath\btSerializer.cpp" />
    <ClCompile Include="Bullet Physics\LinearMath\btVector3.cpp" />
    <ClCompile Include="Bullet Physics\BulletInverseDynamics\details\MultiBodyTreeImpl.cpp" />
    <ClCompile Include="Bullet Physics\BulletInverseDynamics\details\MultiBodyTreeInitCache.cpp" />
    <ClCompile Include="Bullet Physics\BulletInverseDynamics\IDMath.cpp" />
    <ClCompile Include="Bullet Physics\BulletInverseDynamics\MultiBodyTree.cpp" />
    <ClCompile Include="Bullet Physics\BulletSoftBody\btDefaultSoftBodySolver.cpp" />
    <ClCompile Include="Bullet Physics\BulletSoftBody\btSoftBody.cpp" />
    <ClCompile Include="Bullet Physics\BulletSoftBody\btSoftBodyConcaveCollisionAlgorithm.cpp" />
    <ClCompile Include="Bullet Physics\BulletSoftBody\btSoftBodyHelpers.cpp" />
    <ClCompile Include="Bullet Physics\BulletSoftBody\btSoftBodyRigidBodyCollisionConfiguration.cpp" />
    <ClCompile Include="Bullet Physics\BulletSoftBody\btSoftRigidCollisionAlgorithm.cpp" />
    <ClCompile Include="Bullet Physics\BulletSoftBody\btSoftRigidDynamicsWorld.cpp" />
    <ClCompile Include="Bullet Physics\BulletSoftBody\btSoftSoftCollisionAlgorithm.cpp" />
  </ItemGroup>
  <ItemGroup>
    <ClInclude Include="Bullet Physics\BulletCollision\BroadphaseCollision\btAxisSweep3.h" />
    <ClInclude Include="Bullet Physics\BulletCollision\BroadphaseCollision\btBroadphaseInterface.h" />
    <ClInclude Include="Bullet Physics\BulletCollision\BroadphaseCollision\btBroadphaseProxy.h" />
    <ClInclude Include="Bullet Physics\BulletCollision\BroadphaseCollision\btCollisionAlgorithm.h" />
    <ClInclude Include="Bullet Physics\BulletCollision\BroadphaseCollision\btDbvt.h" />
    <ClInclude Include="Bullet Physics\BulletCollision\BroadphaseCollision\btDbvtBroadphase.h" />
    <ClInclude Include="Bullet Physics\BulletCollision\BroadphaseCollision\btDispatcher.h" />
    <ClInclude Include="Bullet Physics\BulletCollision\BroadphaseCollision\btMultiSapBroadphase.h" />
    <ClInclude Include="Bullet Physics\BulletCollision\BroadphaseCollision\btOverlappingPairCache.h" />
    <ClInclude Include="Bullet Physics\BulletCollision\BroadphaseCollision\btOverlappingPairCallback.h" />
    <ClInclude Include="Bullet Physics\BulletCollision\BroadphaseCollision\btQuantizedBvh.h" />
    <ClInclude Include="Bullet Physics\BulletCollision\BroadphaseCollision\btSimpleBroadphase.h" />
    <ClInclude Include="Bullet Physics\BulletCollision\CollisionDispatch\btActivatingCollisionAlgorithm.h" />
    <ClInclude Include="Bullet Physics\BulletCollision\CollisionDispatch\btBox2dBox2dCollisionAlgorithm.h" />
    <ClInclude Include="Bullet Physics\BulletCollision\CollisionDispatch\btBoxBoxCollisionAlgorithm.h" />
    <ClInclude Include="Bullet Physics\BulletCollision\CollisionDispatch\btBoxBoxDetector.h" />
    <ClInclude Include="Bullet Physics\BulletCollision\CollisionDispatch\btCollisionConfiguration.h" />
    <ClInclude Include="Bullet Physics\BulletCollision\CollisionDispatch\btCollisionCreateFunc.h" />
    <ClInclude Include="Bullet Physics\BulletCollision\CollisionDispatch\btCollisionDispatcher.h" />
    <ClInclude Include="Bullet Physics\BulletCollision\CollisionDispatch\btCollisionObject.h" />
    <ClInclude Include="Bullet Physics\BulletCollision\CollisionDispatch\btCollisionObjectWrapper.h" />
    <ClInclude Include="Bullet Physics\BulletCollision\CollisionDispatch\btCollisionWorld.h" />
    <ClInclude Include="Bullet Physics\BulletCollision\CollisionDispatch\btCollisionWorldImporter.h" />
    <ClInclude Include="Bullet Physics\BulletCollision\CollisionDispatch\btCompoundCollisionAlgorithm.h" />
    <ClInclude Include="Bullet Physics\BulletCollision\CollisionDispatch\btCompoundCompoundCollisionAlgorithm.h" />
    <ClInclude Include="Bullet Physics\BulletCollision\CollisionDispatch\btConvex2dConvex2dAlgorithm.h" />
    <ClInclude Include="Bullet Physics\BulletCollision\CollisionDispatch\btConvexConcaveCollisionAlgorithm.h" />
    <ClInclude Include="Bullet Physics\BulletCollision\CollisionDispatch\btConvexConvexAlgorithm.h" />
    <ClInclude Include="Bullet Physics\BulletCollision\CollisionDispatch\btConvexPlaneCollisionAlgorithm.h" />
    <ClInclude Include="Bullet Physics\BulletCollision\CollisionDispatch\btDefaultCollisionConfiguration.h" />
    <ClInclude Include="Bullet Physics\BulletCollision\CollisionDispatch\btEmptyCollisionAlgorithm.h" />
    <ClInclude Include="Bullet Physics\BulletCollision\CollisionDispatch\btGhostObject.h" />
    <ClInclude Include="Bullet Physics\BulletCollision\CollisionDispatch\btHashedSimplePairCache.h" />
    <ClInclude Include="Bullet Physics\BulletCollision\CollisionDispatch\btInternalEdgeUtility.h" />
    <ClInclude Include="Bullet Physics\BulletCollision\CollisionDispatch\btManifoldResult.h" />
    <ClInclude Include="Bullet Physics\BulletCollision\CollisionDispatch\btSimulationIslandManager.h" />
    <ClInclude Include="Bullet Physics\BulletCollision\CollisionDispatch\btSphereBoxCollisionAlgorithm.h" />
    <ClInclude Include="Bullet Physics\BulletCollision\CollisionDispatch\btSphereSphereCollisionAlgorithm.h" />
    <ClInclude Include="Bullet Physics\BulletCollision\CollisionDispatch\btSphereTriangleCollisionAlgorithm.h" />
    <ClInclude Include="Bullet Physics\BulletCollision\CollisionDispatch\btUnionFind.h" />
    <ClInclude Include="Bullet Physics\BulletCollision\CollisionDispatch\SphereTriangleDetector.h" />
    <ClInclude Include="Bullet Physics\BulletCollision\CollisionShapes\btBox2dShape.h" />
    <ClInclude Include="Bullet Physics\BulletCollision\CollisionShapes\btBoxShape.h" />
    <ClInclude Include="Bullet Physics\BulletCollision\CollisionShapes\btBvhTriangleMeshShape.h" />
    <ClInclude Include="Bullet Physics\BulletCollision\CollisionShapes\btCapsuleShape.h" />
    <ClInclude Include="Bullet Physics\BulletCollision\CollisionShapes\btCollisionMargin.h" />
    <ClInclude Include="Bullet Physics\BulletCollision\CollisionShapes\btCollisionShape.h" />
    <ClInclude Include="Bullet Physics\BulletCollision\CollisionShapes\btCompoundShape.h" />
    <ClInclude Include="Bullet Physics\BulletCollision\CollisionShapes\btConcaveShape.h" />
    <ClInclude Include="Bullet Physics\BulletCollision\CollisionShapes\btConeShape.h" />
    <ClInclude Include="Bullet Physics\BulletCollision\CollisionShapes\btConvex2dShape.h" />
    <ClInclude Include="Bullet Physics\BulletCollision\CollisionShapes\btConvexHullShape.h" />
    <ClInclude Include="Bullet Physics\BulletCollision\CollisionShapes\btConvexInternalShape.h" />
    <ClInclude Include="Bullet Physics\BulletCollision\CollisionShapes\btConvexPointCloudShape.h" />
    <ClInclude Include="Bullet Physics\BulletCollision\CollisionShapes\btConvexPolyhedron.h" />
    <ClInclude Include="Bullet Physics\BulletCollision\CollisionShapes\btConvexShape.h" />
    <ClInclude Include="Bullet Physics\BulletCollision\CollisionShapes\btConvexTriangleMeshShape.h" />
    <ClInclude Include="Bullet Physics\BulletCollision\CollisionShapes\btCylinderShape.h" />
    <ClInclude Include="Bullet Physics\BulletCollision\CollisionShapes\btEmptyShape.h" />
    <ClInclude Include="Bullet Physics\BulletCollision\CollisionShapes\btHeightfieldTerrainShape.h" />
    <ClInclude Include="Bullet Physics\BulletCollision\CollisionShapes\btMaterial.h" />
    <ClInclude Include="Bullet Physics\BulletCollision\CollisionShapes\btMinkowskiSumShape.h" />
    <ClInclude Include="Bullet Physics\BulletCollision\CollisionShapes\btMultimaterialTriangleMeshShape.h" />
    <ClInclude Include="Bullet Physics\BulletCollision\CollisionShapes\btMultiSphereShape.h" />
    <ClInclude Include="Bullet Physics\BulletCollision\CollisionShapes\btOptimizedBvh.h" />
    <ClInclude Include="Bullet Physics\BulletCollision\CollisionShapes\btPolyhedralConvexShape.h" />
    <ClInclude Include="Bullet Physics\BulletCollision\CollisionShapes\btScaledBvhTriangleMeshShape.h" />
    <ClInclude Include="Bullet Physics\BulletCollision\CollisionShapes\btShapeHull.h" />
    <ClInclude Include="Bullet Physics\BulletCollision\CollisionShapes\btSphereShape.h" />
    <ClInclude Include="Bullet Physics\BulletCollision\CollisionShapes\btStaticPlaneShape.h" />
    <ClInclude Include="Bullet Physics\BulletCollision\CollisionShapes\btStridingMeshInterface.h" />
    <ClInclude Include="Bullet Physics\BulletCollision\CollisionShapes\btTetrahedronShape.h" />
    <ClInclude Include="Bullet Physics\BulletCollision\CollisionShapes\btTriangleBuffer.h" />
    <ClInclude Include="Bullet Physics\BulletCollision\CollisionShapes\btTriangleCallback.h" />
    <ClInclude Include="Bullet Physics\BulletCollision\CollisionShapes\btTriangleIndexVertexArray.h" />
    <ClInclude Include="Bullet Physics\BulletCollision\CollisionShapes\btTriangleIndexVertexMaterialArray.h" />
    <ClInclude Include="Bullet Physics\BulletCollision\CollisionShapes\btTriangleInfoMap.h" />
    <ClInclude Include="Bullet Physics\BulletCollision\CollisionShapes\btTriangleMesh.h" />
    <ClInclude Include="Bullet Physics\BulletCollision\CollisionShapes\btTriangleMeshShape.h" />
    <ClInclude Include="Bullet Physics\BulletCollision\CollisionShapes\btTriangleShape.h" />
    <ClInclude Include="Bullet Physics\BulletCollision\CollisionShapes\btUniformScalingShape.h" />
    <ClInclude Include="Bullet Physics\BulletCollision\Gimpact\btBoxCollision.h" />
    <ClInclude Include="Bullet Physics\BulletCollision\Gimpact\btClipPolygon.h" />
    <ClInclude Include="Bullet Physics\BulletCollision\Gimpact\btCompoundFromGimpact.h" />
    <ClInclude Include="Bullet Physics\BulletCollision\Gimpact\btContactProcessing.h" />
    <ClInclude Include="Bullet Physics\BulletCollision\Gimpact\btGenericPoolAllocator.h" />
    <ClInclude Include="Bullet Physics\BulletCollision\Gimpact\btGeometryOperations.h" />
    <ClInclude Include="Bullet Physics\BulletCollision\Gimpact\btGImpactBvh.h" />
    <ClInclude Include="Bullet Physics\BulletCollision\Gimpact\btGImpactCollisionAlgorithm.h" />
    <ClInclude Include="Bullet Physics\BulletCollision\Gimpact\btGImpactMassUtil.h" />
    <ClInclude Include="Bullet Physics\BulletCollision\Gimpact\btGImpactQuantizedBvh.h" />
    <ClInclude Include="Bullet Physics\BulletCollision\Gimpact\btGImpactShape.h" />
    <ClInclude Include="Bullet Physics\BulletCollision\Gimpact\btQuantization.h" />
    <ClInclude Include="Bullet Physics\BulletCollision\Gimpact\btTriangleShapeEx.h" />
    <ClInclude Include="Bullet Physics\BulletCollision\Gimpact\gim_array.h" />
    <ClInclude Include="Bullet Physics\BulletCollision\Gimpact\gim_basic_geometry_operations.h" />
    <ClInclude Include="Bullet Physics\BulletCollision\Gimpact\gim_bitset.h" />
    <ClInclude Include="Bullet Physics\BulletCollision\Gimpact\gim_box_collision.h" />
    <ClInclude Include="Bullet Physics\BulletCollision\Gimpact\gim_box_set.h" />
    <ClInclude Include="Bullet Physics\BulletCollision\Gimpact\gim_clip_polygon.h" />
    <ClInclude Include="Bullet Physics\BulletCollision\Gimpact\gim_contact.h" />
    <ClInclude Include="Bullet Physics\BulletCollision\Gimpact\gim_geometry.h" />
    <ClInclude Include="Bullet Physics\BulletCollision\Gimpact\gim_geom_types.h" />
    <ClInclude Include="Bullet Physics\BulletCollision\Gimpact\gim_hash_table.h" />
    <ClInclude Include="Bullet Physics\BulletCollision\Gimpact\gim_linear_math.h" />
    <ClInclude Include="Bullet Physics\BulletCollision\Gimpact\gim_math.h" />
    <ClInclude Include="Bullet Physics\BulletCollision\Gimpact\gim_memory.h" />
    <ClInclude Include="Bullet Physics\BulletCollision\Gimpact\gim_radixsort.h" />
    <ClInclude Include="Bullet Physics\BulletCollision\Gimpact\gim_tri_collision.h" />
    <ClInclude Include="Bullet Physics\BulletCollision\NarrowPhaseCollision\btComputeGjkEpaPenetration.h" />
    <ClInclude Include="Bullet Physics\BulletCollision\NarrowPhaseCollision\btContinuousConvexCollision.h" />
    <ClInclude Include="Bullet Physics\BulletCollision\NarrowPhaseCollision\btConvexCast.h" />
    <ClInclude Include="Bullet Physics\BulletCollision\NarrowPhaseCollision\btConvexPenetrationDepthSolver.h" />
    <ClInclude Include="Bullet Physics\BulletCollision\NarrowPhaseCollision\btDiscreteCollisionDetectorInterface.h" />
    <ClInclude Include="Bullet Physics\BulletCollision\NarrowPhaseCollision\btGjkCollisionDescription.h" />
    <ClInclude Include="Bullet Physics\BulletCollision\NarrowPhaseCollision\btGjkConvexCast.h" />
    <ClInclude Include="Bullet Physics\BulletCollision\NarrowPhaseCollision\btGjkEpa2.h" />
    <ClInclude Include="Bullet Physics\BulletCollision\NarrowPhaseCollision\btGjkEpa3.h" />
    <ClInclude Include="Bullet Physics\BulletCollision\NarrowPhaseCollision\btGjkEpaPenetrationDepthSolver.h" />
    <ClInclude Include="Bullet Physics\BulletCollision\NarrowPhaseCollision\btGjkPairDetector.h" />
    <ClInclude Include="Bullet Physics\BulletCollision\NarrowPhaseCollision\btManifoldPoint.h" />
    <ClInclude Include="Bullet Physics\BulletCollision\NarrowPhaseCollision\btMinkowskiPenetrationDepthSolver.h" />
    <ClInclude Include="Bullet Physics\BulletCollision\NarrowPhaseCollision\btMprPenetration.h" />
    <ClInclude Include="Bullet Physics\BulletCollision\NarrowPhaseCollision\btPersistentManifold.h" />
    <ClInclude Include="Bullet Physics\BulletCollision\NarrowPhaseCollision\btPointCollector.h" />
    <ClInclude Include="Bullet Physics\BulletCollision\NarrowPhaseCollision\btPolyhedralContactClipping.h" />
    <ClInclude Include="Bullet Physics\BulletCollision\NarrowPhaseCollision\btRaycastCallback.h" />
    <ClInclude Include="Bullet Physics\BulletCollision\NarrowPhaseCollision\btSimplexSolverInterface.h" />
    <ClInclude Include="Bullet Physics\BulletCollision\NarrowPhaseCollision\btSubSimplexConvexCast.h" />
    <ClInclude Include="Bullet Physics\BulletCollision\NarrowPhaseCollision\btVoronoiSimplexSolver.h" />
    <ClInclude Include="Bullet Physics\BulletDynamics\Character\btCharacterControllerInterface.h" />
    <ClInclude Include="Bullet Physics\BulletDynamics\Character\btKinematicCharacterController.h" />
    <ClInclude Include="Bullet Physics\BulletDynamics\ConstraintSolver\btConeTwistConstraint.h" />
    <ClInclude Include="Bullet Physics\BulletDynamics\ConstraintSolver\btConstraintSolver.h" />
    <ClInclude Include="Bullet Physics\BulletDynamics\ConstraintSolver\btContactConstraint.h" />
    <ClInclude Include="Bullet Physics\BulletDynamics\ConstraintSolver\btContactSolverInfo.h" />
    <ClInclude Include="Bullet Physics\BulletDynamics\ConstraintSolver\btFixedConstraint.h" />
    <ClInclude Include="Bullet Physics\BulletDynamics\ConstraintSolver\btGearConstraint.h" />
    <ClInclude Include="Bullet Physics\BulletDynamics\ConstraintSolver\btGeneric6DofConstraint.h" />
    <ClInclude Include="Bullet Physics\BulletDynamics\ConstraintSolver\btGeneric6DofSpring2Constraint.h" />
    <ClInclude Include="Bullet Physics\BulletDynamics\ConstraintSolver\btGeneric6DofSpringConstraint.h" />
    <ClInclude Include="Bullet Physics\BulletDynamics\ConstraintSolver\btHinge2Constraint.h" />
    <ClInclude Include="Bullet Physics\BulletDynamics\ConstraintSolver\btHingeConstraint.h" />
    <ClInclude Include="Bullet Physics\BulletDynamics\ConstraintSolver\btJacobianEntry.h" />
    <ClInclude Include="Bullet Physics\BulletDynamics\ConstraintSolver\btNNCGConstraintSolver.h" />
    <ClInclude Include="Bullet Physics\BulletDynamics\ConstraintSolver\btPoint2PointConstraint.h" />
    <ClInclude Include="Bullet Physics\BulletDynamics\ConstraintSolver\btSequentialImpulseConstraintSolver.h" />
    <ClInclude Include="Bullet Physics\BulletDynamics\ConstraintSolver\btSliderConstraint.h" />
    <ClInclude Include="Bullet Physics\BulletDynamics\ConstraintSolver\btSolve2LinearConstraint.h" />
    <ClInclude Include="Bullet Physics\BulletDynamics\ConstraintSolver\btSolverBody.h" />
    <ClInclude Include="Bullet Physics\BulletDynamics\ConstraintSolver\btSolverConstraint.h" />
    <ClInclude Include="Bullet Physics\BulletDynamics\ConstraintSolver\btTypedConstraint.h" />
    <ClInclude Include="Bullet Physics\BulletDynamics\ConstraintSolver\btUniversalConstraint.h" />
    <ClInclude Include="Bullet Physics\BulletDynamics\Dynamics\btActionInterface.h" />
    <ClInclude Include="Bullet Physics\BulletDynamics\Dynamics\btDiscreteDynamicsWorld.h" />
    <ClInclude Include="Bullet Physics\BulletDynamics\Dynamics\btDynamicsWorld.h" />
    <ClInclude Include="Bullet Physics\BulletDynamics\Dynamics\btRigidBody.h" />
    <ClInclude Include="Bullet Physics\BulletDynamics\Dynamics\btSimpleDynamicsWorld.h" />
    <ClInclude Include="Bullet Physics\BulletDynamics\Featherstone\btMultiBody.h" />
    <ClInclude Include="Bullet Physics\BulletDynamics\Featherstone\btMultiBodyConstraint.h" />
    <ClInclude Include="Bullet Physics\BulletDynamics\Featherstone\btMultiBodyConstraintSolver.h" />
    <ClInclude Include="Bullet Physics\BulletDynamics\Featherstone\btMultiBodyDynamicsWorld.h" />
    <ClInclude Include="Bullet Physics\BulletDynamics\Featherstone\btMultiBodyFixedConstraint.h" />
    <ClInclude Include="Bullet Physics\BulletDynamics\Featherstone\btMultiBodyJointFeedback.h" />
    <ClInclude Include="Bullet Physics\BulletDynamics\Featherstone\btMultiBodyJointLimitConstraint.h" />
    <ClInclude Include="Bullet Physics\BulletDynamics\Featherstone\btMultiBodyJointMotor.h" />
    <ClInclude Include="Bullet Physics\BulletDynamics\Featherstone\btMultiBodyLink.h" />
    <ClInclude Include="Bullet Physics\BulletDynamics\Featherstone\btMultiBodyLinkCollider.h" />
    <ClInclude Include="Bullet Physics\BulletDynamics\Featherstone\btMultiBodyPoint2Point.h" />
    <ClInclude Include="Bullet Physics\BulletDynamics\Featherstone\btMultiBodySliderConstraint.h" />
    <ClInclude Include="Bullet Physics\BulletDynamics\Featherstone\btMultiBodySolverConstraint.h" />
    <ClInclude Include="Bullet Physics\BulletDynamics\MLCPSolvers\btDantzigLCP.h" />
    <ClInclude Include="Bullet Physics\BulletDynamics\MLCPSolvers\btDantzigSolver.h" />
    <ClInclude Include="Bullet Physics\BulletDynamics\MLCPSolvers\btLemkeAlgorithm.h" />
    <ClInclude Include="Bullet Physics\BulletDynamics\MLCPSolvers\btLemkeSolver.h" />
    <ClInclude Include="Bullet Physics\BulletDynamics\MLCPSolvers\btMLCPSolver.h" />
    <ClInclude Include="Bullet Physics\BulletDynamics\MLCPSolvers\btMLCPSolverInterface.h" />
    <ClInclude Include="Bullet Physics\BulletDynamics\MLCPSolvers\btPATHSolver.h" />
    <ClInclude Include="Bullet Physics\BulletDynamics\MLCPSolvers\btSolveProjectedGaussSeidel.h" />
    <ClInclude Include="Bullet Physics\BulletDynamics\Vehicle\btRaycastVehicle.h" />
    <ClInclude Include="Bullet Physics\BulletDynamics\Vehicle\btVehicleRaycaster.h" />
    <ClInclude Include="Bullet Physics\BulletDynamics\Vehicle\btWheelInfo.h" />
    <ClInclude Include="Bullet Physics\LinearMath\btAabbUtil2.h" />
    <ClInclude Include="Bullet Physics\LinearMath\btAlignedAllocator.h" />
    <ClInclude Include="Bullet Physics\LinearMath\btAlignedObjectArray.h" />
    <ClInclude Include="Bullet Physics\LinearMath\btConvexHull.h" />
    <ClInclude Include="Bullet Physics\LinearMath\btConvexHullComputer.h" />
    <ClInclude Include="Bullet Physics\LinearMath\btCpuFeatureUtility.h" />
    <ClInclude Include="Bullet Physics\LinearMath\btDefaultMotionState.h" />
    <ClInclude Include="Bullet Physics\LinearMath\btGeometryUtil.h" />
    <ClInclude Include="Bullet Physics\LinearMath\btGrahamScan2dConvexHull.h" />
    <ClInclude Include="Bullet Physics\LinearMath\btHashMap.h" />
    <ClInclude Include="Bullet Physics\LinearMath\btIDebugDraw.h" />
    <ClInclude Include="Bullet Physics\LinearMath\btList.h" />
    <ClInclude Include="Bullet Physics\LinearMath\btMatrix3x3.h" />
    <ClInclude Include="Bullet Physics\LinearMath\btMatrixX.h" />
    <ClInclude Include="Bullet Physics\LinearMath\btMinMax.h" />
    <ClInclude Include="Bullet Physics\LinearMath\btMotionState.h" />
    <ClInclude Include="Bullet Physics\LinearMath\btPolarDecomposition.h" />
    <ClInclude Include="Bullet Physics\LinearMath\btPoolAllocator.h" />
    <ClInclude Include="Bullet Physics\LinearMath\btQuadWord.h" />
    <ClInclude Include="Bullet Physics\LinearMath\btQuaternion.h" />
    <ClInclude Include="Bullet Physics\LinearMath\btQuickprof.h" />
    <ClInclude Include="Bullet Physics\LinearMath\btRandom.h" />
    <ClInclude Include="Bullet Physics\LinearMath\btScalar.h" />
    <ClInclude Include="Bullet Physics\LinearMath\btSerializer.h" />
    <ClInclude Include="Bullet Physics\LinearMath\btSpatialAlgebra.h" />
    <ClInclude Include="Bullet Physics\LinearMath\btStackAlloc.h" />
    <ClInclude Include="Bullet Physics\LinearMath\btTransform.h" />
    <ClInclude Include="Bullet Physics\LinearMath\btTransformUtil.h" />
    <ClInclude Include="Bullet Physics\LinearMath\btVector3.h" />
    <ClInclude Include="Bullet Physics\btBulletCollisionCommon.h" />
    <ClInclude Include="Bullet Physics\btBulletDynamicsCommon.h" />
    <ClInclude Include="Bullet Physics\BulletInverseDynamics\details\IDEigenInterface.hpp" />
    <ClInclude Include="Bullet Physics\BulletInverseDynamics\details\IDLinearMathInterface.hpp" />
    <ClInclude Include="Bullet Physics\BulletInverseDynamics\details\IDMatVec.hpp" />
    <ClInclude Include="Bullet Physics\BulletInverseDynamics\details\MultiBodyTreeImpl.hpp" />
    <ClInclude Include="Bullet Physics\BulletInverseDynamics\details\MultiBodyTreeInitCache.hpp" />
    <ClInclude Include="Bullet Physics\BulletInverseDynamics\IDConfig.hpp" />
    <ClInclude Include="Bullet Physics\BulletInverseDynamics\IDConfigBuiltin.hpp" />
    <ClInclude Include="Bullet Physics\BulletInverseDynamics\IDConfigEigen.hpp" />
    <ClInclude Include="Bullet Physics\BulletInverseDynamics\IDErrorMessages.hpp" />
    <ClInclude Include="Bullet Physics\BulletInverseDynamics\IDMath.hpp" />
    <ClInclude Include="Bullet Physics\BulletInverseDynamics\MultiBodyTree.hpp" />
    <ClInclude Include="Bullet Physics\BulletSoftBody\btDefaultSoftBodySolver.h" />
    <ClInclude Include="Bullet Physics\BulletSoftBody\btSoftBody.h" />
    <ClInclude Include="Bullet Physics\BulletSoftBody\btSoftBodyConcaveCollisionAlgorithm.h" />
    <ClInclude Include="Bullet Physics\BulletSoftBody\btSoftBodyData.h" />
    <ClInclude Include="Bullet Physics\BulletSoftBody\btSoftBodyHelpers.h" />
    <ClInclude Include="Bullet Physics\BulletSoftBody\btSoftBodyInternals.h" />
    <ClInclude Include="Bullet Physics\BulletSoftBody\btSoftBodyRigidBodyCollisionConfiguration.h" />
    <ClInclude Include="Bullet Physics\BulletSoftBody\btSoftBodySolvers.h" />
    <ClInclude Include="Bullet Physics\BulletSoftBody\btSoftBodySolverVertexBuffer.h" />
    <ClInclude Include="Bullet Physics\BulletSoftBody\btSoftRigidCollisionAlgorithm.h" />
    <ClInclude Include="Bullet Physics\BulletSoftBody\btSoftRigidDynamicsWorld.h" />
    <ClInclude Include="Bullet Physics\BulletSoftBody\btSoftSoftCollisionAlgorithm.h" />
    <ClInclude Include="Bullet Physics\BulletSoftBody\btSparseSDF.h" />
  </ItemGroup>
</Project>